
Microsoft Visual Studio Solution File, Format Version 12.00
# Visual Studio Version 16
VisualStudioVersion = 16.0.31729.503
MinimumVisualStudioVersion = 10.0.40219.1
Project("{FAE04EC0-301F-11D3-BF4B-00C04F79EFBC}") = "UI", "UI\UI.csproj", "{A1B4014D-945C-4A68-9A89-AD535F6DC04F}"
EndProject
Project("{FAE04EC0-301F-11D3-BF4B-00C04F79EFBC}") = "Logic", "User\Logic.csproj", "{3B335E50-E36D-4F98-B12C-5A91F076AD62}"
EndProject
Global
	GlobalSection(SolutionConfigurationPlatforms) = preSolution
		Debug|Any CPU = Debug|Any CPU
		Release|Any CPU = Release|Any CPU
	EndGlobalSection
	GlobalSection(ProjectConfigurationPlatforms) = postSolution
		{A1B4014D-945C-4A68-9A89-AD535F6DC04F}.Debug|Any CPU.ActiveCfg = Debug|Any CPU
		{A1B4014D-945C-4A68-9A89-AD535F6DC04F}.Debug|Any CPU.Build.0 = Debug|Any CPU
		{A1B4014D-945C-4A68-9A89-AD535F6DC04F}.Release|Any CPU.ActiveCfg = Release|Any CPU
		{A1B4014D-945C-4A68-9A89-AD535F6DC04F}.Release|Any CPU.Build.0 = Release|Any CPU
		{3B335E50-E36D-4F98-B12C-5A91F076AD62}.Debug|Any CPU.ActiveCfg = Debug|Any CPU
		{3B335E50-E36D-4F98-B12C-5A91F076AD62}.Debug|Any CPU.Build.0 = Debug|Any CPU
		{3B335E50-E36D-4F98-B12C-5A91F076AD62}.Release|Any CPU.ActiveCfg = Release|Any CPU
		{3B335E50-E36D-4F98-B12C-5A91F076AD62}.Release|Any CPU.Build.0 = Release|Any CPU
	EndGlobalSection
	GlobalSection(SolutionProperties) = preSolution
		HideSolutionNode = FALSE
	EndGlobalSection
	GlobalSection(ExtensibilityGlobals) = postSolution
		SolutionGuid = {7614ACCE-87F5-4676-B19A-AF68E354D977}
	EndGlobalSection
EndGlobal
